{
    "_readme": [
        "This file locks the dependencies of your project to a known state",
        "Read more about it at https://getcomposer.org/doc/01-basic-usage.md#installing-dependencies",
        "This file is @generated automatically"
    ],
    "content-hash": "8cd24f803f169b525c91b29b471f36cc",
    "packages": [
        {
            "name": "abognon/open-ai",
            "version": "3.3",
            "source": {
                "type": "git",
                "url": "https://github.com/abognon/open-ai.git",
                "reference": "0a6b3e1de411e7bf12817e0b9f2e8716af7203ff"
            },
            "dist": {
                "type": "zip",
                "url": "https://api.github.com/repos/abognon/open-ai/zipball/0a6b3e1de411e7bf12817e0b9f2e8716af7203ff",
                "reference": "0a6b3e1de411e7bf12817e0b9f2e8716af7203ff",
                "shasum": ""
            },
            "require": {
                "ext-curl": "*",
                "ext-json": "*",
                "php": ">=7.4"
            },
            "require-dev": {
                "friendsofphp/php-cs-fixer": "^3.0",
                "pestphp/pest": "^1.20",
                "spatie/ray": "^1.28"
            },
            "type": "library",
            "autoload": {
                "psr-4": {
                    "Abognon\\OpenAi\\": "src"
                }
            },
            "notification-url": "https://packagist.org/downloads/",
            "license": [
                "MIT"
            ],
            "authors": [
                {
                    "name": "Ulrich Abognon",
                    "email": "uabognon.95@gmail.com",
                    "role": "Developer"
                }
            ],
            "description": "OpenAI GPT-3 Api Client in PHP",
            "homepage": "https://github.com/abognon/open-ai",
            "keywords": [
                "open-ai",
                "abognon"
            ],
            "support": {
                "issues": "https://github.com/abognon/open-ai/issues",
                "source": "https://github.com/abognon/open-ai/tree/3.3"
            },
            "funding": [
                {
                    "url": "https://github.com/abognon",
                    "type": "github"
                }
            ],
            "time": "2023-01-14T16:10:40+00:00"
        }
    ],
    "packages-dev": [],
    "aliases": [],
    "minimum-stability": "stable",
    "stability-flags": [],
    "prefer-stable": false,
    "prefer-lowest": false,
    "platform": [],
    "platform-dev": [],
    "plugin-api-version": "2.1.0"
}
